
Microsoft Visual Studio Solution File, Format Version 12.00
# Visual Studio Version 16
VisualStudioVersion = 16.0.31112.23
MinimumVisualStudioVersion = 10.0.40219.1
Project("{FAE04EC0-301F-11D3-BF4B-00C04F79EFBC}") = "WinFormsApp10", "WinFormsApp10\WinFormsApp10.csproj", "{FA5DAD36-ADA9-4F1D-8D27-02E56C881E31}"
EndProject
Global
	GlobalSection(SolutionConfigurationPlatforms) = preSolution
		Debug|Any CPU = Debug|Any CPU
		Release|Any CPU = Release|Any CPU
	EndGlobalSection
	GlobalSection(ProjectConfigurationPlatforms) = postSolution
		{FA5DAD36-ADA9-4F1D-8D27-02E56C881E31}.Debug|Any CPU.ActiveCfg = Debug|Any CPU
		{FA5DAD36-ADA9-4F1D-8D27-02E56C881E31}.Debug|Any CPU.Build.0 = Debug|Any CPU
		{FA5DAD36-ADA9-4F1D-8D27-02E56C881E31}.Release|Any CPU.ActiveCfg = Release|Any CPU
		{FA5DAD36-ADA9-4F1D-8D27-02E56C881E31}.Release|Any CPU.Build.0 = Release|Any CPU
	EndGlobalSection
	GlobalSection(SolutionProperties) = preSolution
		HideSolutionNode = FALSE
	EndGlobalSection
	GlobalSection(ExtensibilityGlobals) = postSolution
		SolutionGuid = {A025FCA4-9CE2-468D-9385-25EABC2B2D84}
	EndGlobalSection
EndGlobal
